// !$*UTF8*$!
{
	archiveVersion = 1;
	classes = {
	};
	objectVersion = 55;
	objects = {

/* Begin PBXBuildFile section */
		847A3E68284B777000E10CEB /* HeartButton.swift in Sources */ = {isa = PBXBuildFile; fileRef = 847A3E67284B777000E10CEB /* HeartButton.swift */; };
		847A3E6F284CA2D300E10CEB /* MyRecipeExplore.swift in Sources */ = {isa = PBXBuildFile; fileRef = 847A3E6E284CA2D300E10CEB /* MyRecipeExplore.swift */; };
		847A3E71284CABC900E10CEB /* FavoriteViewModel.swift in Sources */ = {isa = PBXBuildFile; fileRef = 847A3E70284CABC900E10CEB /* FavoriteViewModel.swift */; };
		847A3E73284CBEE100E10CEB /* MyRecipeExploreCard.swift in Sources */ = {isa = PBXBuildFile; fileRef = 847A3E72284CBEE100E10CEB /* MyRecipeExploreCard.swift */; };
		84EE5DC7283B3D56005864C1 /* FlooApp.swift in Sources */ = {isa = PBXBuildFile; fileRef = 84EE5DC6283B3D56005864C1 /* FlooApp.swift */; };
		84EE5DC9283B3D56005864C1 /* RecipeExplore.swift in Sources */ = {isa = PBXBuildFile; fileRef = 84EE5DC8283B3D56005864C1 /* RecipeExplore.swift */; };
		84EE5DCB283B3D57005864C1 /* Assets.xcassets in Resources */ = {isa = PBXBuildFile; fileRef = 84EE5DCA283B3D57005864C1 /* Assets.xcassets */; };
		84EE5DCE283B3D57005864C1 /* Preview Assets.xcassets in Resources */ = {isa = PBXBuildFile; fileRef = 84EE5DCD283B3D57005864C1 /* Preview Assets.xcassets */; };
		84EE5DD9283BDD9B005864C1 /* Recipe.swift in Sources */ = {isa = PBXBuildFile; fileRef = 84EE5DD8283BDD9B005864C1 /* Recipe.swift */; };
		84EE5DDD283BEB20005864C1 /* ViewModel.swift in Sources */ = {isa = PBXBuildFile; fileRef = 84EE5DDC283BEB20005864C1 /* ViewModel.swift */; };
		84EE5DDF283BF0EF005864C1 /* Debug.swift in Sources */ = {isa = PBXBuildFile; fileRef = 84EE5DDE283BF0EF005864C1 /* Debug.swift */; };
		84EE5DE3283C5942005864C1 /* FormView.swift in Sources */ = {isa = PBXBuildFile; fileRef = 84EE5DE2283C5942005864C1 /* FormView.swift */; };
		84EE5DE6283C62FD005864C1 /* ApiKey.swift in Sources */ = {isa = PBXBuildFile; fileRef = 84EE5DE5283C62FD005864C1 /* ApiKey.swift */; };
		84EE5DED2845AE1E005864C1 /* RecipeCard.swift in Sources */ = {isa = PBXBuildFile; fileRef = 84EE5DEC2845AE1E005864C1 /* RecipeCard.swift */; };
		84EE5DEF2845B1BC005864C1 /* RecipeDetail.swift in Sources */ = {isa = PBXBuildFile; fileRef = 84EE5DEE2845B1BC005864C1 /* RecipeDetail.swift */; };
		84EE5DF328478181005864C1 /* URLImage.swift in Sources */ = {isa = PBXBuildFile; fileRef = 84EE5DF228478181005864C1 /* URLImage.swift */; };
		84EE5DF92847886F005864C1 /* DetailedRecipe.swift in Sources */ = {isa = PBXBuildFile; fileRef = 84EE5DF82847886F005864C1 /* DetailedRecipe.swift */; };
		84FE18FC284928310075DC36 /* DetailViewModel.swift in Sources */ = {isa = PBXBuildFile; fileRef = 84FE18FB284928310075DC36 /* DetailViewModel.swift */; };
/* End PBXBuildFile section */

/* Begin PBXFileReference section */
		847A3E67284B777000E10CEB /* HeartButton.swift */ = {isa = PBXFileReference; lastKnownFileType = sourcecode.swift; path = HeartButton.swift; sourceTree = "<group>"; };
		847A3E6E284CA2D300E10CEB /* MyRecipeExplore.swift */ = {isa = PBXFileReference; lastKnownFileType = sourcecode.swift; path = MyRecipeExplore.swift; sourceTree = "<group>"; };
		847A3E70284CABC900E10CEB /* FavoriteViewModel.swift */ = {isa = PBXFileReference; lastKnownFileType = sourcecode.swift; path = FavoriteViewModel.swift; sourceTree = "<group>"; };
		847A3E72284CBEE100E10CEB /* MyRecipeExploreCard.swift */ = {isa = PBXFileReference; lastKnownFileType = sourcecode.swift; path = MyRecipeExploreCard.swift; sourceTree = "<group>"; };
		84EE5DC3283B3D56005864C1 /* Floo.app */ = {isa = PBXFileReference; explicitFileType = wrapper.application; includeInIndex = 0; path = Floo.app; sourceTree = BUILT_PRODUCTS_DIR; };
		84EE5DC6283B3D56005864C1 /* FlooApp.swift */ = {isa = PBXFileReference; lastKnownFileType = sourcecode.swift; path = FlooApp.swift; sourceTree = "<group>"; };
		84EE5DC8283B3D56005864C1 /* RecipeExplore.swift */ = {isa = PBXFileReference; lastKnownFileType = sourcecode.swift; path = RecipeExplore.swift; sourceTree = "<group>"; };
		84EE5DCA283B3D57005864C1 /* Assets.xcassets */ = {isa = PBXFileReference; lastKnownFileType = folder.assetcatalog; path = Assets.xcassets; sourceTree = "<group>"; };
		84EE5DCD283B3D57005864C1 /* Preview Assets.xcassets */ = {isa = PBXFileReference; lastKnownFileType = folder.assetcatalog; path = "Preview Assets.xcassets"; sourceTree = "<group>"; };
		84EE5DD8283BDD9B005864C1 /* Recipe.swift */ = {isa = PBXFileReference; lastKnownFileType = sourcecode.swift; path = Recipe.swift; sourceTree = "<group>"; };
		84EE5DDC283BEB20005864C1 /* ViewModel.swift */ = {isa = PBXFileReference; lastKnownFileType = sourcecode.swift; path = ViewModel.swift; sourceTree = "<group>"; };
		84EE5DDE283BF0EF005864C1 /* Debug.swift */ = {isa = PBXFileReference; lastKnownFileType = sourcecode.swift; path = Debug.swift; sourceTree = "<group>"; };
		84EE5DE2283C5942005864C1 /* FormView.swift */ = {isa = PBXFileReference; lastKnownFileType = sourcecode.swift; path = FormView.swift; sourceTree = "<group>"; };
		84EE5DE5283C62FD005864C1 /* ApiKey.swift */ = {isa = PBXFileReference; lastKnownFileType = sourcecode.swift; path = ApiKey.swift; sourceTree = "<group>"; };
		84EE5DEC2845AE1E005864C1 /* RecipeCard.swift */ = {isa = PBXFileReference; lastKnownFileType = sourcecode.swift; path = RecipeCard.swift; sourceTree = "<group>"; };
		84EE5DEE2845B1BC005864C1 /* RecipeDetail.swift */ = {isa = PBXFileReference; lastKnownFileType = sourcecode.swift; path = RecipeDetail.swift; sourceTree = "<group>"; };
		84EE5DF228478181005864C1 /* URLImage.swift */ = {isa = PBXFileReference; lastKnownFileType = sourcecode.swift; path = URLImage.swift; sourceTree = "<group>"; };
		84EE5DF82847886F005864C1 /* DetailedRecipe.swift */ = {isa = PBXFileReference; lastKnownFileType = sourcecode.swift; path = DetailedRecipe.swift; sourceTree = "<group>"; };
		84FE18FB284928310075DC36 /* DetailViewModel.swift */ = {isa = PBXFileReference; lastKnownFileType = sourcecode.swift; path = DetailViewModel.swift; sourceTree = "<group>"; };
/* End PBXFileReference section */

/* Begin PBXFrameworksBuildPhase section */
		84EE5DC0283B3D56005864C1 /* Frameworks */ = {
			isa = PBXFrameworksBuildPhase;
			buildActionMask = 2147483647;
			files = (
			);
			runOnlyForDeploymentPostprocessing = 0;
		};
/* End PBXFrameworksBuildPhase section */

/* Begin PBXGroup section */
		847A3E6D284CA2C000E10CEB /* My Recipe */ = {
			isa = PBXGroup;
			children = (
				847A3E6E284CA2D300E10CEB /* MyRecipeExplore.swift */,
				847A3E72284CBEE100E10CEB /* MyRecipeExploreCard.swift */,
			);
			path = "My Recipe";
			sourceTree = "<group>";
		};
		84EE5DBA283B3D55005864C1 = {
			isa = PBXGroup;
			children = (
				84EE5DC5283B3D56005864C1 /* Floo */,
				84EE5DC4283B3D56005864C1 /* Products */,
			);
			sourceTree = "<group>";
		};
		84EE5DC4283B3D56005864C1 /* Products */ = {
			isa = PBXGroup;
			children = (
				84EE5DC3283B3D56005864C1 /* Floo.app */,
			);
			name = Products;
			sourceTree = "<group>";
		};
		84EE5DC5283B3D56005864C1 /* Floo */ = {
			isa = PBXGroup;
			children = (
				84EE5DE4283C62F3005864C1 /* Helper */,
				84EE5DDB283BEB11005864C1 /* ViewModel */,
				84EE5DD7283BDD90005864C1 /* Model */,
				84EE5DC6283B3D56005864C1 /* FlooApp.swift */,
				84EE5DDE283BF0EF005864C1 /* Debug.swift */,
				84EE5DDA283BE347005864C1 /* Views */,
				84EE5DCA283B3D57005864C1 /* Assets.xcassets */,
				84EE5DCC283B3D57005864C1 /* Preview Content */,
			);
			path = Floo;
			sourceTree = "<group>";
		};
		84EE5DCC283B3D57005864C1 /* Preview Content */ = {
			isa = PBXGroup;
			children = (
				84EE5DCD283B3D57005864C1 /* Preview Assets.xcassets */,
			);
			path = "Preview Content";
			sourceTree = "<group>";
		};
		84EE5DD7283BDD90005864C1 /* Model */ = {
			isa = PBXGroup;
			children = (
				84EE5DD8283BDD9B005864C1 /* Recipe.swift */,
				84EE5DF82847886F005864C1 /* DetailedRecipe.swift */,
			);
			path = Model;
			sourceTree = "<group>";
		};
		84EE5DDA283BE347005864C1 /* Views */ = {
			isa = PBXGroup;
			children = (
				847A3E6D284CA2C000E10CEB /* My Recipe */,
				84EE5DE92845ADAA005864C1 /* Recipes */,
				84EE5DE2283C5942005864C1 /* FormView.swift */,
			);
			path = Views;
			sourceTree = "<group>";
		};
		84EE5DDB283BEB11005864C1 /* ViewModel */ = {
			isa = PBXGroup;
			children = (
				84EE5DDC283BEB20005864C1 /* ViewModel.swift */,
				84FE18FB284928310075DC36 /* DetailViewModel.swift */,
				847A3E70284CABC900E10CEB /* FavoriteViewModel.swift */,
			);
			path = ViewModel;
			sourceTree = "<group>";
		};
		84EE5DE4283C62F3005864C1 /* Helper */ = {
			isa = PBXGroup;
			children = (
				84EE5DE5283C62FD005864C1 /* ApiKey.swift */,
				84EE5DF228478181005864C1 /* URLImage.swift */,
				847A3E67284B777000E10CEB /* HeartButton.swift */,
			);
			path = Helper;
			sourceTree = "<group>";
		};
		84EE5DE92845ADAA005864C1 /* Recipes */ = {
			isa = PBXGroup;
			children = (
				84EE5DC8283B3D56005864C1 /* RecipeExplore.swift */,
				84EE5DEE2845B1BC005864C1 /* RecipeDetail.swift */,
				84EE5DEC2845AE1E005864C1 /* RecipeCard.swift */,
			);
			path = Recipes;
			sourceTree = "<group>";
		};
/* End PBXGroup section */

/* Begin PBXNativeTarget section */
		84EE5DC2283B3D56005864C1 /* Floo */ = {
			isa = PBXNativeTarget;
			buildConfigurationList = 84EE5DD1283B3D57005864C1 /* Build configuration list for PBXNativeTarget "Floo" */;
			buildPhases = (
				84EE5DBF283B3D56005864C1 /* Sources */,
				84EE5DC0283B3D56005864C1 /* Frameworks */,
				84EE5DC1283B3D56005864C1 /* Resources */,
			);
			buildRules = (
			);
			dependencies = (
			);
			name = Floo;
			productName = Floo;
			productReference = 84EE5DC3283B3D56005864C1 /* Floo.app */;
			productType = "com.apple.product-type.application";
		};
/* End PBXNativeTarget section */

/* Begin PBXProject section */
		84EE5DBB283B3D55005864C1 /* Project object */ = {
			isa = PBXProject;
			attributes = {
				BuildIndependentTargetsInParallel = 1;
				LastSwiftUpdateCheck = 1320;
				LastUpgradeCheck = 1320;
				TargetAttributes = {
					84EE5DC2283B3D56005864C1 = {
						CreatedOnToolsVersion = 13.2.1;
					};
				};
			};
			buildConfigurationList = 84EE5DBE283B3D55005864C1 /* Build configuration list for PBXProject "Floo" */;
			compatibilityVersion = "Xcode 13.0";
			developmentRegion = en;
			hasScannedForEncodings = 0;
			knownRegions = (
				en,
				Base,
			);
			mainGroup = 84EE5DBA283B3D55005864C1;
			productRefGroup = 84EE5DC4283B3D56005864C1 /* Products */;
			projectDirPath = "";
			projectRoot = "";
			targets = (
				84EE5DC2283B3D56005864C1 /* Floo */,
			);
		};
/* End PBXProject section */

/* Begin PBXResourcesBuildPhase section */
		84EE5DC1283B3D56005864C1 /* Resources */ = {
			isa = PBXResourcesBuildPhase;
			buildActionMask = 2147483647;
			files = (
				84EE5DCE283B3D57005864C1 /* Preview Assets.xcassets in Resources */,
				84EE5DCB283B3D57005864C1 /* Assets.xcassets in Resources */,
			);
			runOnlyForDeploymentPostprocessing = 0;
		};
/* End PBXResourcesBuildPhase section */

/* Begin PBXSourcesBuildPhase section */
		84EE5DBF283B3D56005864C1 /* Sources */ = {
			isa = PBXSourcesBuildPhase;
			buildActionMask = 2147483647;
			files = (
				84EE5DF92847886F005864C1 /* DetailedRecipe.swift in Sources */,
				84EE5DE3283C5942005864C1 /* FormView.swift in Sources */,
				84EE5DEF2845B1BC005864C1 /* RecipeDetail.swift in Sources */,
				847A3E71284CABC900E10CEB /* FavoriteViewModel.swift in Sources */,
				84EE5DC9283B3D56005864C1 /* RecipeExplore.swift in Sources */,
				84EE5DDF283BF0EF005864C1 /* Debug.swift in Sources */,
				84EE5DC7283B3D56005864C1 /* FlooApp.swift in Sources */,
				847A3E68284B777000E10CEB /* HeartButton.swift in Sources */,
				847A3E6F284CA2D300E10CEB /* MyRecipeExplore.swift in Sources */,
				84EE5DE6283C62FD005864C1 /* ApiKey.swift in Sources */,
				84FE18FC284928310075DC36 /* DetailViewModel.swift in Sources */,
				847A3E73284CBEE100E10CEB /* MyRecipeExploreCard.swift in Sources */,
				84EE5DED2845AE1E005864C1 /* RecipeCard.swift in Sources */,
				84EE5DDD283BEB20005864C1 /* ViewModel.swift in Sources */,
				84EE5DD9283BDD9B005864C1 /* Recipe.swift in Sources */,
				84EE5DF328478181005864C1 /* URLImage.swift in Sources */,
			);
			runOnlyForDeploymentPostprocessing = 0;
		};
/* End PBXSourcesBuildPhase section */

/* Begin XCBuildConfiguration section */
		84EE5DCF283B3D57005864C1 /* Debug */ = {
			isa = XCBuildConfiguration;
			buildSettings = {
				ALWAYS_SEARCH_USER_PATHS = NO;
				CLANG_ANALYZER_NONNULL = YES;
				CLANG_ANALYZER_NUMBER_OBJECT_CONVERSION = YES_AGGRESSIVE;
				CLANG_CXX_LANGUAGE_STANDARD = "gnu++17";
				CLANG_CXX_LIBRARY = "libc++";
				CLANG_ENABLE_MODULES = YES;
				CLANG_ENABLE_OBJC_ARC = YES;
				CLANG_ENABLE_OBJC_WEAK = YES;
				CLANG_WARN_BLOCK_CAPTURE_AUTORELEASING = YES;
				CLANG_WARN_BOOL_CONVERSION = YES;
				CLANG_WARN_COMMA = YES;
				CLANG_WARN_CONSTANT_CONVERSION = YES;
				CLANG_WARN_DEPRECATED_OBJC_IMPLEMENTATIONS = YES;
				CLANG_WARN_DIRECT_OBJC_ISA_USAGE = YES_ERROR;
				CLANG_WARN_DOCUMENTATION_COMMENTS = YES;
				CLANG_WARN_EMPTY_BODY = YES;
				CLANG_WARN_ENUM_CONVERSION = YES;
				CLANG_WARN_INFINITE_RECURSION = YES;
				CLANG_WARN_INT_CONVERSION = YES;
				CLANG_WARN_NON_LITERAL_NULL_CONVERSION = YES;
				CLANG_WARN_OBJC_IMPLICIT_RETAIN_SELF = YES;
				CLANG_WARN_OBJC_LITERAL_CONVERSION = YES;
				CLANG_WARN_OBJC_ROOT_CLASS = YES_ERROR;
				CLANG_WARN_QUOTED_INCLUDE_IN_FRAMEWORK_HEADER = YES;
				CLANG_WARN_RANGE_LOOP_ANALYSIS = YES;
				CLANG_WARN_STRICT_PROTOTYPES = YES;
				CLANG_WARN_SUSPICIOUS_MOVE = YES;
				CLANG_WARN_UNGUARDED_AVAILABILITY = YES_AGGRESSIVE;
				CLANG_WARN_UNREACHABLE_CODE = YES;
				CLANG_WARN__DUPLICATE_METHOD_MATCH = YES;
				COPY_PHASE_STRIP = NO;
				DEBUG_INFORMATION_FORMAT = dwarf;
				ENABLE_STRICT_OBJC_MSGSEND = YES;
				ENABLE_TESTABILITY = YES;
				GCC_C_LANGUAGE_STANDARD = gnu11;
				GCC_DYNAMIC_NO_PIC = NO;
				GCC_NO_COMMON_BLOCKS = YES;
				GCC_OPTIMIZATION_LEVEL = 0;
				GCC_PREPROCESSOR_DEFINITIONS = (
					"DEBUG=1",
					"$(inherited)",
				);
				GCC_WARN_64_TO_32_BIT_CONVERSION = YES;
				GCC_WARN_ABOUT_RETURN_TYPE = YES_ERROR;
				GCC_WARN_UNDECLARED_SELECTOR = YES;
				GCC_WARN_UNINITIALIZED_AUTOS = YES_AGGRESSIVE;
				GCC_WARN_UNUSED_FUNCTION = YES;
				GCC_WARN_UNUSED_VARIABLE = YES;
				IPHONEOS_DEPLOYMENT_TARGET = 15.2;
				MTL_ENABLE_DEBUG_INFO = INCLUDE_SOURCE;
				MTL_FAST_MATH = YES;
				ONLY_ACTIVE_ARCH = YES;
				SDKROOT = iphoneos;
				SWIFT_ACTIVE_COMPILATION_CONDITIONS = DEBUG;
				SWIFT_OPTIMIZATION_LEVEL = "-Onone";
			};
			name = Debug;
		};
		84EE5DD0283B3D57005864C1 /* Release */ = {
			isa = XCBuildConfiguration;
			buildSettings = {
				ALWAYS_SEARCH_USER_PATHS = NO;
				CLANG_ANALYZER_NONNULL = YES;
				CLANG_ANALYZER_NUMBER_OBJECT_CONVERSION = YES_AGGRESSIVE;
				CLANG_CXX_LANGUAGE_STANDARD = "gnu++17";
				CLANG_CXX_LIBRARY = "libc++";
				CLANG_ENABLE_MODULES = YES;
				CLANG_ENABLE_OBJC_ARC = YES;
				CLANG_ENABLE_OBJC_WEAK = YES;
				CLANG_WARN_BLOCK_CAPTURE_AUTORELEASING = YES;
				CLANG_WARN_BOOL_CONVERSION = YES;
				CLANG_WARN_COMMA = YES;
				CLANG_WARN_CONSTANT_CONVERSION = YES;
				CLANG_WARN_DEPRECATED_OBJC_IMPLEMENTATIONS = YES;
				CLANG_WARN_DIRECT_OBJC_ISA_USAGE = YES_ERROR;
				CLANG_WARN_DOCUMENTATION_COMMENTS = YES;
				CLANG_WARN_EMPTY_BODY = YES;
				CLANG_WARN_ENUM_CONVERSION = YES;
				CLANG_WARN_INFINITE_RECURSION = YES;
				CLANG_WARN_INT_CONVERSION = YES;
				CLANG_WARN_NON_LITERAL_NULL_CONVERSION = YES;
				CLANG_WARN_OBJC_IMPLICIT_RETAIN_SELF = YES;
				CLANG_WARN_OBJC_LITERAL_CONVERSION = YES;
				CLANG_WARN_OBJC_ROOT_CLASS = YES_ERROR;
				CLANG_WARN_QUOTED_INCLUDE_IN_FRAMEWORK_HEADER = YES;
				CLANG_WARN_RANGE_LOOP_ANALYSIS = YES;
				CLANG_WARN_STRICT_PROTOTYPES = YES;
				CLANG_WARN_SUSPICIOUS_MOVE = YES;
				CLANG_WARN_UNGUARDED_AVAILABILITY = YES_AGGRESSIVE;
				CLANG_WARN_UNREACHABLE_CODE = YES;
				CLANG_WARN__DUPLICATE_METHOD_MATCH = YES;
				COPY_PHASE_STRIP = NO;
				DEBUG_INFORMATION_FORMAT = "dwarf-with-dsym";
				ENABLE_NS_ASSERTIONS = NO;
				ENABLE_STRICT_OBJC_MSGSEND = YES;
				GCC_C_LANGUAGE_STANDARD = gnu11;
				GCC_NO_COMMON_BLOCKS = YES;
				GCC_WARN_64_TO_32_BIT_CONVERSION = YES;
				GCC_WARN_ABOUT_RETURN_TYPE = YES_ERROR;
				GCC_WARN_UNDECLARED_SELECTOR = YES;
				GCC_WARN_UNINITIALIZED_AUTOS = YES_AGGRESSIVE;
				GCC_WARN_UNUSED_FUNCTION = YES;
				GCC_WARN_UNUSED_VARIABLE = YES;
				IPHONEOS_DEPLOYMENT_TARGET = 15.2;
				MTL_ENABLE_DEBUG_INFO = NO;
				MTL_FAST_MATH = YES;
				SDKROOT = iphoneos;
				SWIFT_COMPILATION_MODE = wholemodule;
				SWIFT_OPTIMIZATION_LEVEL = "-O";
				VALIDATE_PRODUCT = YES;
			};
			name = Release;
		};
		84EE5DD2283B3D57005864C1 /* Debug */ = {
			isa = XCBuildConfiguration;
			buildSettings = {
				ASSETCATALOG_COMPILER_APPICON_NAME = AppIcon;
				ASSETCATALOG_COMPILER_GLOBAL_ACCENT_COLOR_NAME = AccentColor;
				CODE_SIGN_STYLE = Automatic;
				CURRENT_PROJECT_VERSION = 1;
				DEVELOPMENT_ASSET_PATHS = "\"Floo/Preview Content\"";
				ENABLE_PREVIEWS = YES;
				GENERATE_INFOPLIST_FILE = YES;
				INFOPLIST_KEY_UIApplicationSceneManifest_Generation = YES;
				INFOPLIST_KEY_UIApplicationSupportsIndirectInputEvents = YES;
				INFOPLIST_KEY_UILaunchScreen_Generation = YES;
				INFOPLIST_KEY_UISupportedInterfaceOrientations_iPad = "UIInterfaceOrientationPortrait UIInterfaceOrientationPortraitUpsideDown UIInterfaceOrientationLandscapeLeft UIInterfaceOrientationLandscapeRight";
				INFOPLIST_KEY_UISupportedInterfaceOrientations_iPhone = "UIInterfaceOrientationPortrait UIInterfaceOrientationLandscapeLeft UIInterfaceOrientationLandscapeRight";
				LD_RUNPATH_SEARCH_PATHS = (
					"$(inherited)",
					"@executable_path/Frameworks",
				);
				MARKETING_VERSION = 1.0;
				PRODUCT_BUNDLE_IDENTIFIER = "com.example.apple-samplecode.Floo";
				PRODUCT_NAME = "$(TARGET_NAME)";
				SWIFT_EMIT_LOC_STRINGS = YES;
				SWIFT_VERSION = 5.0;
				TARGETED_DEVICE_FAMILY = "1,2";
			};
			name = Debug;
		};
		84EE5DD3283B3D57005864C1 /* Release */ = {
			isa = XCBuildConfiguration;
			buildSettings = {
				ASSETCATALOG_COMPILER_APPICON_NAME = AppIcon;
				ASSETCATALOG_COMPILER_GLOBAL_ACCENT_COLOR_NAME = AccentColor;
				CODE_SIGN_STYLE = Automatic;
				CURRENT_PROJECT_VERSION = 1;
				DEVELOPMENT_ASSET_PATHS = "\"Floo/Preview Content\"";
				ENABLE_PREVIEWS = YES;
				GENERATE_INFOPLIST_FILE = YES;
				INFOPLIST_KEY_UIApplicationSceneManifest_Generation = YES;
				INFOPLIST_KEY_UIApplicationSupportsIndirectInputEvents = YES;
				INFOPLIST_KEY_UILaunchScreen_Generation = YES;
				INFOPLIST_KEY_UISupportedInterfaceOrientations_iPad = "UIInterfaceOrientationPortrait UIInterfaceOrientationPortraitUpsideDown UIInterfaceOrientationLandscapeLeft UIInterfaceOrientationLandscapeRight";
				INFOPLIST_KEY_UISupportedInterfaceOrientations_iPhone = "UIInterfaceOrientationPortrait UIInterfaceOrientationLandscapeLeft UIInterfaceOrientationLandscapeRight";
				LD_RUNPATH_SEARCH_PATHS = (
					"$(inherited)",
					"@executable_path/Frameworks",
				);
				MARKETING_VERSION = 1.0;
				PRODUCT_BUNDLE_IDENTIFIER = "com.example.apple-samplecode.Floo";
				PRODUCT_NAME = "$(TARGET_NAME)";
				SWIFT_EMIT_LOC_STRINGS = YES;
				SWIFT_VERSION = 5.0;
				TARGETED_DEVICE_FAMILY = "1,2";
			};
			name = Release;
		};
/* End XCBuildConfiguration section */

/* Begin XCConfigurationList section */
		84EE5DBE283B3D55005864C1 /* Build configuration list for PBXProject "Floo" */ = {
			isa = XCConfigurationList;
			buildConfigurations = (
				84EE5DCF283B3D57005864C1 /* Debug */,
				84EE5DD0283B3D57005864C1 /* Release */,
			);
			defaultConfigurationIsVisible = 0;
			defaultConfigurationName = Release;
		};
		84EE5DD1283B3D57005864C1 /* Build configuration list for PBXNativeTarget "Floo" */ = {
			isa = XCConfigurationList;
			buildConfigurations = (
				84EE5DD2283B3D57005864C1 /* Debug */,
				84EE5DD3283B3D57005864C1 /* Release */,
			);
			defaultConfigurationIsVisible = 0;
			defaultConfigurationName = Release;
		};
/* End XCConfigurationList section */
	};
	rootObject = 84EE5DBB283B3D55005864C1 /* Project object */;
}
